// !$*UTF8*$!
{
	archiveVersion = 1;
	classes = {
	};
	objectVersion = 48;
	objects = {

/* Begin PBXBuildFile section */
		6F97A6E91FFE9E4C00DAD35B /* CardA.xib in Resources */ = {isa = PBXBuildFile; fileRef = 6F97A6E71FFE9E4C00DAD35B /* CardA.xib */; };
		6FF21DB01FF5108F00CC3DD0 /* AppDelegate.swift in Sources */ = {isa = PBXBuildFile; fileRef = 6FF21DAF1FF5108F00CC3DD0 /* AppDelegate.swift */; };
		6FF21DB21FF5108F00CC3DD0 /* ViewController.swift in Sources */ = {isa = PBXBuildFile; fileRef = 6FF21DB11FF5108F00CC3DD0 /* ViewController.swift */; };
		6FF21DB51FF5108F00CC3DD0 /* Main.storyboard in Resources */ = {isa = PBXBuildFile; fileRef = 6FF21DB31FF5108F00CC3DD0 /* Main.storyboard */; };
		6FF21DB71FF5108F00CC3DD0 /* Assets.xcassets in Resources */ = {isa = PBXBuildFile; fileRef = 6FF21DB61FF5108F00CC3DD0 /* Assets.xcassets */; };
		6FF21DBA1FF5108F00CC3DD0 /* LaunchScreen.storyboard in Resources */ = {isa = PBXBuildFile; fileRef = 6FF21DB81FF5108F00CC3DD0 /* LaunchScreen.storyboard */; };
		6FF21DC51FF5108F00CC3DD0 /* CardViewTests.swift in Sources */ = {isa = PBXBuildFile; fileRef = 6FF21DC41FF5108F00CC3DD0 /* CardViewTests.swift */; };
		6FF21DD01FF5108F00CC3DD0 /* CardViewUITests.swift in Sources */ = {isa = PBXBuildFile; fileRef = 6FF21DCF1FF5108F00CC3DD0 /* CardViewUITests.swift */; };
		6FF21DDE1FF52B7100CC3DD0 /* CTableViewCell.swift in Sources */ = {isa = PBXBuildFile; fileRef = 6FF21DDD1FF52B7100CC3DD0 /* CTableViewCell.swift */; };
/* End PBXBuildFile section */

/* Begin PBXContainerItemProxy section */
		6FF21DC11FF5108F00CC3DD0 /* PBXContainerItemProxy */ = {
			isa = PBXContainerItemProxy;
			containerPortal = 6FF21DA41FF5108F00CC3DD0 /* Project object */;
			proxyType = 1;
			remoteGlobalIDString = 6FF21DAB1FF5108F00CC3DD0;
			remoteInfo = CardView;
		};
		6FF21DCC1FF5108F00CC3DD0 /* PBXContainerItemProxy */ = {
			isa = PBXContainerItemProxy;
			containerPortal = 6FF21DA41FF5108F00CC3DD0 /* Project object */;
			proxyType = 1;
			remoteGlobalIDString = 6FF21DAB1FF5108F00CC3DD0;
			remoteInfo = CardView;
		};
/* End PBXContainerItemProxy section */

/* Begin PBXFileReference section */
		6F97A6E71FFE9E4C00DAD35B /* CardA.xib */ = {isa = PBXFileReference; lastKnownFileType = file.xib; path = CardA.xib; sourceTree = "<group>"; };
		6F97A6EC1FFEA88F00DAD35B /* CardViewGif.gif */ = {isa = PBXFileReference; lastKnownFileType = image.gif; path = CardViewGif.gif; sourceTree = "<group>"; };
		6FF21DAC1FF5108F00CC3DD0 /* CardView.app */ = {isa = PBXFileReference; explicitFileType = wrapper.application; includeInIndex = 0; path = CardView.app; sourceTree = BUILT_PRODUCTS_DIR; };
		6FF21DAF1FF5108F00CC3DD0 /* AppDelegate.swift */ = {isa = PBXFileReference; lastKnownFileType = sourcecode.swift; path = AppDelegate.swift; sourceTree = "<group>"; };
		6FF21DB11FF5108F00CC3DD0 /* ViewController.swift */ = {isa = PBXFileReference; lastKnownFileType = sourcecode.swift; path = ViewController.swift; sourceTree = "<group>"; };
		6FF21DB41FF5108F00CC3DD0 /* Base */ = {isa = PBXFileReference; lastKnownFileType = file.storyboard; name = Base; path = Base.lproj/Main.storyboard; sourceTree = "<group>"; };
		6FF21DB61FF5108F00CC3DD0 /* Assets.xcassets */ = {isa = PBXFileReference; lastKnownFileType = folder.assetcatalog; path = Assets.xcassets; sourceTree = "<group>"; };
		6FF21DB91FF5108F00CC3DD0 /* Base */ = {isa = PBXFileReference; lastKnownFileType = file.storyboard; name = Base; path = Base.lproj/LaunchScreen.storyboard; sourceTree = "<group>"; };
		6FF21DBB1FF5108F00CC3DD0 /* Info.plist */ = {isa = PBXFileReference; lastKnownFileType = text.plist.xml; path = Info.plist; sourceTree = "<group>"; };
		6FF21DC01FF5108F00CC3DD0 /* CardViewTests.xctest */ = {isa = PBXFileReference; explicitFileType = wrapper.cfbundle; includeInIndex = 0; path = CardViewTests.xctest; sourceTree = BUILT_PRODUCTS_DIR; };
		6FF21DC41FF5108F00CC3DD0 /* CardViewTests.swift */ = {isa = PBXFileReference; lastKnownFileType = sourcecode.swift; path = CardViewTests.swift; sourceTree = "<group>"; };
		6FF21DC61FF5108F00CC3DD0 /* Info.plist */ = {isa = PBXFileReference; lastKnownFileType = text.plist.xml; path = Info.plist; sourceTree = "<group>"; };
		6FF21DCB1FF5108F00CC3DD0 /* CardViewUITests.xctest */ = {isa = PBXFileReference; explicitFileType = wrapper.cfbundle; includeInIndex = 0; path = CardViewUITests.xctest; sourceTree = BUILT_PRODUCTS_DIR; };
		6FF21DCF1FF5108F00CC3DD0 /* CardViewUITests.swift */ = {isa = PBXFileReference; lastKnownFileType = sourcecode.swift; path = CardViewUITests.swift; sourceTree = "<group>"; };
		6FF21DD11FF5108F00CC3DD0 /* Info.plist */ = {isa = PBXFileReference; lastKnownFileType = text.plist.xml; path = Info.plist; sourceTree = "<group>"; };
		6FF21DDD1FF52B7100CC3DD0 /* CTableViewCell.swift */ = {isa = PBXFileReference; lastKnownFileType = sourcecode.swift; path = CTableViewCell.swift; sourceTree = "<group>"; };
/* End PBXFileReference section */

/* Begin PBXFrameworksBuildPhase section */
		6FF21DA91FF5108F00CC3DD0 /* Frameworks */ = {
			isa = PBXFrameworksBuildPhase;
			buildActionMask = 2147483647;
			files = (
			);
			runOnlyForDeploymentPostprocessing = 0;
		};
		6FF21DBD1FF5108F00CC3DD0 /* Frameworks */ = {
			isa = PBXFrameworksBuildPhase;
			buildActionMask = 2147483647;
			files = (
			);
			runOnlyForDeploymentPostprocessing = 0;
		};
		6FF21DC81FF5108F00CC3DD0 /* Frameworks */ = {
			isa = PBXFrameworksBuildPhase;
			buildActionMask = 2147483647;
			files = (
			);
			runOnlyForDeploymentPostprocessing = 0;
		};
/* End PBXFrameworksBuildPhase section */

/* Begin PBXGroup section */
		6FF21DA31FF5108F00CC3DD0 = {
			isa = PBXGroup;
			children = (
				6FF21DAE1FF5108F00CC3DD0 /* CardView */,
				6FF21DC31FF5108F00CC3DD0 /* CardViewTests */,
				6FF21DCE1FF5108F00CC3DD0 /* CardViewUITests */,
				6FF21DAD1FF5108F00CC3DD0 /* Products */,
			);
			sourceTree = "<group>";
		};
		6FF21DAD1FF5108F00CC3DD0 /* Products */ = {
			isa = PBXGroup;
			children = (
				6FF21DAC1FF5108F00CC3DD0 /* CardView.app */,
				6FF21DC01FF5108F00CC3DD0 /* CardViewTests.xctest */,
				6FF21DCB1FF5108F00CC3DD0 /* CardViewUITests.xctest */,
			);
			name = Products;
			sourceTree = "<group>";
		};
		6FF21DAE1FF5108F00CC3DD0 /* CardView */ = {
			isa = PBXGroup;
			children = (
				6FF21DAF1FF5108F00CC3DD0 /* AppDelegate.swift */,
				6FF21DB11FF5108F00CC3DD0 /* ViewController.swift */,
				6FF21DB31FF5108F00CC3DD0 /* Main.storyboard */,
				6F97A6E71FFE9E4C00DAD35B /* CardA.xib */,
				6FF21DDD1FF52B7100CC3DD0 /* CTableViewCell.swift */,
				6FF21DB61FF5108F00CC3DD0 /* Assets.xcassets */,
				6FF21DB81FF5108F00CC3DD0 /* LaunchScreen.storyboard */,
				6FF21DBB1FF5108F00CC3DD0 /* Info.plist */,
				6F97A6EC1FFEA88F00DAD35B /* CardViewGif.gif */,
			);
			path = CardView;
			sourceTree = "<group>";
		};
		6FF21DC31FF5108F00CC3DD0 /* CardViewTests */ = {
			isa = PBXGroup;
			children = (
				6FF21DC41FF5108F00CC3DD0 /* CardViewTests.swift */,
				6FF21DC61FF5108F00CC3DD0 /* Info.plist */,
			);
			path = CardViewTests;
			sourceTree = "<group>";
		};
		6FF21DCE1FF5108F00CC3DD0 /* CardViewUITests */ = {
			isa = PBXGroup;
			children = (
				6FF21DCF1FF5108F00CC3DD0 /* CardViewUITests.swift */,
				6FF21DD11FF5108F00CC3DD0 /* Info.plist */,
			);
			path = CardViewUITests;
			sourceTree = "<group>";
		};
/* End PBXGroup section */

/* Begin PBXNativeTarget section */
		6FF21DAB1FF5108F00CC3DD0 /* CardView */ = {
			isa = PBXNativeTarget;
			buildConfigurationList = 6FF21DD41FF5108F00CC3DD0 /* Build configuration list for PBXNativeTarget "CardView" */;
			buildPhases = (
				6FF21DA81FF5108F00CC3DD0 /* Sources */,
				6FF21DA91FF5108F00CC3DD0 /* Frameworks */,
				6FF21DAA1FF5108F00CC3DD0 /* Resources */,
			);
			buildRules = (
			);
			dependencies = (
			);
			name = CardView;
			productName = CardView;
			productReference = 6FF21DAC1FF5108F00CC3DD0 /* CardView.app */;
			productType = "com.apple.product-type.application";
		};
		6FF21DBF1FF5108F00CC3DD0 /* CardViewTests */ = {
			isa = PBXNativeTarget;
			buildConfigurationList = 6FF21DD71FF5108F00CC3DD0 /* Build configuration list for PBXNativeTarget "CardViewTests" */;
			buildPhases = (
				6FF21DBC1FF5108F00CC3DD0 /* Sources */,
				6FF21DBD1FF5108F00CC3DD0 /* Frameworks */,
				6FF21DBE1FF5108F00CC3DD0 /* Resources */,
			);
			buildRules = (
			);
			dependencies = (
				6FF21DC21FF5108F00CC3DD0 /* PBXTargetDependency */,
			);
			name = CardViewTests;
			productName = CardViewTests;
			productReference = 6FF21DC01FF5108F00CC3DD0 /* CardViewTests.xctest */;
			productType = "com.apple.product-type.bundle.unit-test";
		};
		6FF21DCA1FF5108F00CC3DD0 /* CardViewUITests */ = {
			isa = PBXNativeTarget;
			buildConfigurationList = 6FF21DDA1FF5108F00CC3DD0 /* Build configuration list for PBXNativeTarget "CardViewUITests" */;
			buildPhases = (
				6FF21DC71FF5108F00CC3DD0 /* Sources */,
				6FF21DC81FF5108F00CC3DD0 /* Frameworks */,
				6FF21DC91FF5108F00CC3DD0 /* Resources */,
			);
			buildRules = (
			);
			dependencies = (
				6FF21DCD1FF5108F00CC3DD0 /* PBXTargetDependency */,
			);
			name = CardViewUITests;
			productName = CardViewUITests;
			productReference = 6FF21DCB1FF5108F00CC3DD0 /* CardViewUITests.xctest */;
			productType = "com.apple.product-type.bundle.ui-testing";
		};
/* End PBXNativeTarget section */

/* Begin PBXProject section */
		6FF21DA41FF5108F00CC3DD0 /* Project object */ = {
			isa = PBXProject;
			attributes = {
				LastSwiftUpdateCheck = 0900;
				LastUpgradeCheck = 0900;
				ORGANIZATIONNAME = CK;
				TargetAttributes = {
					6FF21DAB1FF5108F00CC3DD0 = {
						CreatedOnToolsVersion = 9.0;
						ProvisioningStyle = Automatic;
					};
					6FF21DBF1FF5108F00CC3DD0 = {
						CreatedOnToolsVersion = 9.0;
						ProvisioningStyle = Automatic;
						TestTargetID = 6FF21DAB1FF5108F00CC3DD0;
					};
					6FF21DCA1FF5108F00CC3DD0 = {
						CreatedOnToolsVersion = 9.0;
						ProvisioningStyle = Automatic;
						TestTargetID = 6FF21DAB1FF5108F00CC3DD0;
					};
				};
			};
			buildConfigurationList = 6FF21DA71FF5108F00CC3DD0 /* Build configuration list for PBXProject "CardView" */;
			compatibilityVersion = "Xcode 8.0";
			developmentRegion = en;
			hasScannedForEncodings = 0;
			knownRegions = (
				en,
				Base,
			);
			mainGroup = 6FF21DA31FF5108F00CC3DD0;
			productRefGroup = 6FF21DAD1FF5108F00CC3DD0 /* Products */;
			projectDirPath = "";
			projectRoot = "";
			targets = (
				6FF21DAB1FF5108F00CC3DD0 /* CardView */,
				6FF21DBF1FF5108F00CC3DD0 /* CardViewTests */,
				6FF21DCA1FF5108F00CC3DD0 /* CardViewUITests */,
			);
		};
/* End PBXProject section */

/* Begin PBXResourcesBuildPhase section */
		6FF21DAA1FF5108F00CC3DD0 /* Resources */ = {
			isa = PBXResourcesBuildPhase;
			buildActionMask = 2147483647;
			files = (
				6F97A6E91FFE9E4C00DAD35B /* CardA.xib in Resources */,
				6FF21DBA1FF5108F00CC3DD0 /* LaunchScreen.storyboard in Resources */,
				6FF21DB71FF5108F00CC3DD0 /* Assets.xcassets in Resources */,
				6FF21DB51FF5108F00CC3DD0 /* Main.storyboard in Resources */,
			);
			runOnlyForDeploymentPostprocessing = 0;
		};
		6FF21DBE1FF5108F00CC3DD0 /* Resources */ = {
			isa = PBXResourcesBuildPhase;
			buildActionMask = 2147483647;
			files = (
			);
			runOnlyForDeploymentPostprocessing = 0;
		};
		6FF21DC91FF5108F00CC3DD0 /* Resources */ = {
			isa = PBXResourcesBuildPhase;
			buildActionMask = 2147483647;
			files = (
			);
			runOnlyForDeploymentPostprocessing = 0;
		};
/* End PBXResourcesBuildPhase section */

/* Begin PBXSourcesBuildPhase section */
		6FF21DA81FF5108F00CC3DD0 /* Sources */ = {
			isa = PBXSourcesBuildPhase;
			buildActionMask = 2147483647;
			files = (
				6FF21DDE1FF52B7100CC3DD0 /* CTableViewCell.swift in Sources */,
				6FF21DB21FF5108F00CC3DD0 /* ViewController.swift in Sources */,
				6FF21DB01FF5108F00CC3DD0 /* AppDelegate.swift in Sources */,
			);
			runOnlyForDeploymentPostprocessing = 0;
		};
		6FF21DBC1FF5108F00CC3DD0 /* Sources */ = {
			isa = PBXSourcesBuildPhase;
			buildActionMask = 2147483647;
			files = (
				6FF21DC51FF5108F00CC3DD0 /* CardViewTests.swift in Sources */,
			);
			runOnlyForDeploymentPostprocessing = 0;
		};
		6FF21DC71FF5108F00CC3DD0 /* Sources */ = {
			isa = PBXSourcesBuildPhase;
			buildActionMask = 2147483647;
			files = (
				6FF21DD01FF5108F00CC3DD0 /* CardViewUITests.swift in Sources */,
			);
			runOnlyForDeploymentPostprocessing = 0;
		};
/* End PBXSourcesBuildPhase section */

/* Begin PBXTargetDependency section */
		6FF21DC21FF5108F00CC3DD0 /* PBXTargetDependency */ = {
			isa = PBXTargetDependency;
			target = 6FF21DAB1FF5108F00CC3DD0 /* CardView */;
			targetProxy = 6FF21DC11FF5108F00CC3DD0 /* PBXContainerItemProxy */;
		};
		6FF21DCD1FF5108F00CC3DD0 /* PBXTargetDependency */ = {
			isa = PBXTargetDependency;
			target = 6FF21DAB1FF5108F00CC3DD0 /* CardView */;
			targetProxy = 6FF21DCC1FF5108F00CC3DD0 /* PBXContainerItemProxy */;
		};
/* End PBXTargetDependency section */

/* Begin PBXVariantGroup section */
		6FF21DB31FF5108F00CC3DD0 /* Main.storyboard */ = {
			isa = PBXVariantGroup;
			children = (
				6FF21DB41FF5108F00CC3DD0 /* Base */,
			);
			name = Main.storyboard;
			sourceTree = "<group>";
		};
		6FF21DB81FF5108F00CC3DD0 /* LaunchScreen.storyboard */ = {
			isa = PBXVariantGroup;
			children = (
				6FF21DB91FF5108F00CC3DD0 /* Base */,
			);
			name = LaunchScreen.storyboard;
			sourceTree = "<group>";
		};
/* End PBXVariantGroup section */

/* Begin XCBuildConfiguration section */
		6FF21DD21FF5108F00CC3DD0 /* Debug */ = {
			isa = XCBuildConfiguration;
			buildSettings = {
				ALWAYS_SEARCH_USER_PATHS = NO;
				CLANG_ANALYZER_NONNULL = YES;
				CLANG_ANALYZER_NUMBER_OBJECT_CONVERSION = YES_AGGRESSIVE;
				CLANG_CXX_LANGUAGE_STANDARD = "gnu++14";
				CLANG_CXX_LIBRARY = "libc++";
				CLANG_ENABLE_MODULES = YES;
				CLANG_ENABLE_OBJC_ARC = YES;
				CLANG_WARN_BLOCK_CAPTURE_AUTORELEASING = YES;
				CLANG_WARN_BOOL_CONVERSION = YES;
				CLANG_WARN_COMMA = YES;
				CLANG_WARN_CONSTANT_CONVERSION = YES;
				CLANG_WARN_DIRECT_OBJC_ISA_USAGE = YES_ERROR;
				CLANG_WARN_DOCUMENTATION_COMMENTS = YES;
				CLANG_WARN_EMPTY_BODY = YES;
				CLANG_WARN_ENUM_CONVERSION = YES;
				CLANG_WARN_INFINITE_RECURSION = YES;
				CLANG_WARN_INT_CONVERSION = YES;
				CLANG_WARN_NON_LITERAL_NULL_CONVERSION = YES;
				CLANG_WARN_OBJC_LITERAL_CONVERSION = YES;
				CLANG_WARN_OBJC_ROOT_CLASS = YES_ERROR;
				CLANG_WARN_RANGE_LOOP_ANALYSIS = YES;
				CLANG_WARN_STRICT_PROTOTYPES = YES;
				CLANG_WARN_SUSPICIOUS_MOVE = YES;
				CLANG_WARN_UNGUARDED_AVAILABILITY = YES_AGGRESSIVE;
				CLANG_WARN_UNREACHABLE_CODE = YES;
				CLANG_WARN__DUPLICATE_METHOD_MATCH = YES;
				CODE_SIGN_IDENTITY = "iPhone Developer";
				COPY_PHASE_STRIP = NO;
				DEBUG_INFORMATION_FORMAT = dwarf;
				ENABLE_STRICT_OBJC_MSGSEND = YES;
				ENABLE_TESTABILITY = YES;
				GCC_C_LANGUAGE_STANDARD = gnu11;
				GCC_DYNAMIC_NO_PIC = NO;
				GCC_NO_COMMON_BLOCKS = YES;
				GCC_OPTIMIZATION_LEVEL = 0;
				GCC_PREPROCESSOR_DEFINITIONS = (
					"DEBUG=1",
					"$(inherited)",
				);
				GCC_WARN_64_TO_32_BIT_CONVERSION = YES;
				GCC_WARN_ABOUT_RETURN_TYPE = YES_ERROR;
				GCC_WARN_UNDECLARED_SELECTOR = YES;
				GCC_WARN_UNINITIALIZED_AUTOS = YES_AGGRESSIVE;
				GCC_WARN_UNUSED_FUNCTION = YES;
				GCC_WARN_UNUSED_VARIABLE = YES;
				IPHONEOS_DEPLOYMENT_TARGET = 11.0;
				MTL_ENABLE_DEBUG_INFO = YES;
				ONLY_ACTIVE_ARCH = YES;
				SDKROOT = iphoneos;
				SWIFT_ACTIVE_COMPILATION_CONDITIONS = DEBUG;
				SWIFT_OPTIMIZATION_LEVEL = "-Onone";
			};
			name = Debug;
		};
		6FF21DD31FF5108F00CC3DD0 /* Release */ = {
			isa = XCBuildConfiguration;
			buildSettings = {
				ALWAYS_SEARCH_USER_PATHS = NO;
				CLANG_ANALYZER_NONNULL = YES;
				CLANG_ANALYZER_NUMBER_OBJECT_CONVERSION = YES_AGGRESSIVE;
				CLANG_CXX_LANGUAGE_STANDARD = "gnu++14";
				CLANG_CXX_LIBRARY = "libc++";
				CLANG_ENABLE_MODULES = YES;
				CLANG_ENABLE_OBJC_ARC = YES;
				CLANG_WARN_BLOCK_CAPTURE_AUTORELEASING = YES;
				CLANG_WARN_BOOL_CONVERSION = YES;
				CLANG_WARN_COMMA = YES;
				CLANG_WARN_CONSTANT_CONVERSION = YES;
				CLANG_WARN_DIRECT_OBJC_ISA_USAGE = YES_ERROR;
				CLANG_WARN_DOCUMENTATION_COMMENTS = YES;
				CLANG_WARN_EMPTY_BODY = YES;
				CLANG_WARN_ENUM_CONVERSION = YES;
				CLANG_WARN_INFINITE_RECURSION = YES;
				CLANG_WARN_INT_CONVERSION = YES;
				CLANG_WARN_NON_LITERAL_NULL_CONVERSION = YES;
				CLANG_WARN_OBJC_LITERAL_CONVERSION = YES;
				CLANG_WARN_OBJC_ROOT_CLASS = YES_ERROR;
				CLANG_WARN_RANGE_LOOP_ANALYSIS = YES;
				CLANG_WARN_STRICT_PROTOTYPES = YES;
				CLANG_WARN_SUSPICIOUS_MOVE = YES;
				CLANG_WARN_UNGUARDED_AVAILABILITY = YES_AGGRESSIVE;
				CLANG_WARN_UNREACHABLE_CODE = YES;
				CLANG_WARN__DUPLICATE_METHOD_MATCH = YES;
				CODE_SIGN_IDENTITY = "iPhone Developer";
				COPY_PHASE_STRIP = NO;
				DEBUG_INFORMATION_FORMAT = "dwarf-with-dsym";
				ENABLE_NS_ASSERTIONS = NO;
				ENABLE_STRICT_OBJC_MSGSEND = YES;
				GCC_C_LANGUAGE_STANDARD = gnu11;
				GCC_NO_COMMON_BLOCKS = YES;
				GCC_WARN_64_TO_32_BIT_CONVERSION = YES;
				GCC_WARN_ABOUT_RETURN_TYPE = YES_ERROR;
				GCC_WARN_UNDECLARED_SELECTOR = YES;
				GCC_WARN_UNINITIALIZED_AUTOS = YES_AGGRESSIVE;
				GCC_WARN_UNUSED_FUNCTION = YES;
				GCC_WARN_UNUSED_VARIABLE = YES;
				IPHONEOS_DEPLOYMENT_TARGET = 11.0;
				MTL_ENABLE_DEBUG_INFO = NO;
				SDKROOT = iphoneos;
				SWIFT_OPTIMIZATION_LEVEL = "-Owholemodule";
				VALIDATE_PRODUCT = YES;
			};
			name = Release;
		};
		6FF21DD51FF5108F00CC3DD0 /* Debug */ = {
			isa = XCBuildConfiguration;
			buildSettings = {
				ASSETCATALOG_COMPILER_APPICON_NAME = AppIcon;
				CODE_SIGN_STYLE = Automatic;
				INFOPLIST_FILE = CardView/Info.plist;
				LD_RUNPATH_SEARCH_PATHS = "$(inherited) @executable_path/Frameworks";
				PRODUCT_BUNDLE_IDENTIFIER = "com.ck.-CardView.CardView";
				PRODUCT_NAME = "$(TARGET_NAME)";
				SWIFT_VERSION = 4.0;
				TARGETED_DEVICE_FAMILY = "1,2";
			};
			name = Debug;
		};
		6FF21DD61FF5108F00CC3DD0 /* Release */ = {
			isa = XCBuildConfiguration;
			buildSettings = {
				ASSETCATALOG_COMPILER_APPICON_NAME = AppIcon;
				CODE_SIGN_STYLE = Automatic;
				INFOPLIST_FILE = CardView/Info.plist;
				LD_RUNPATH_SEARCH_PATHS = "$(inherited) @executable_path/Frameworks";
				PRODUCT_BUNDLE_IDENTIFIER = "com.ck.-CardView.CardView";
				PRODUCT_NAME = "$(TARGET_NAME)";
				SWIFT_VERSION = 4.0;
				TARGETED_DEVICE_FAMILY = "1,2";
			};
			name = Release;
		};
		6FF21DD81FF5108F00CC3DD0 /* Debug */ = {
			isa = XCBuildConfiguration;
			buildSettings = {
				ALWAYS_EMBED_SWIFT_STANDARD_LIBRARIES = YES;
				BUNDLE_LOADER = "$(TEST_HOST)";
				CODE_SIGN_STYLE = Automatic;
				INFOPLIST_FILE = CardViewTests/Info.plist;
				LD_RUNPATH_SEARCH_PATHS = "$(inherited) @executable_path/Frameworks @loader_path/Frameworks";
				PRODUCT_BUNDLE_IDENTIFIER = "com.ck.-CardView.CardViewTests";
				PRODUCT_NAME = "$(TARGET_NAME)";
				SWIFT_VERSION = 4.0;
				TARGETED_DEVICE_FAMILY = "1,2";
				TEST_HOST = "$(BUILT_PRODUCTS_DIR)/CardView.app/CardView";
			};
			name = Debug;
		};
		6FF21DD91FF5108F00CC3DD0 /* Release */ = {
			isa = XCBuildConfiguration;
			buildSettings = {
				ALWAYS_EMBED_SWIFT_STANDARD_LIBRARIES = YES;
				BUNDLE_LOADER = "$(TEST_HOST)";
				CODE_SIGN_STYLE = Automatic;
				INFOPLIST_FILE = CardViewTests/Info.plist;
				LD_RUNPATH_SEARCH_PATHS = "$(inherited) @executable_path/Frameworks @loader_path/Frameworks";
				PRODUCT_BUNDLE_IDENTIFIER = "com.ck.-CardView.CardViewTests";
				PRODUCT_NAME = "$(TARGET_NAME)";
				SWIFT_VERSION = 4.0;
				TARGETED_DEVICE_FAMILY = "1,2";
				TEST_HOST = "$(BUILT_PRODUCTS_DIR)/CardView.app/CardView";
			};
			name = Release;
		};
		6FF21DDB1FF5108F00CC3DD0 /* Debug */ = {
			isa = XCBuildConfiguration;
			buildSettings = {
				ALWAYS_EMBED_SWIFT_STANDARD_LIBRARIES = YES;
				CODE_SIGN_STYLE = Automatic;
				INFOPLIST_FILE = CardViewUITests/Info.plist;
				LD_RUNPATH_SEARCH_PATHS = "$(inherited) @executable_path/Frameworks @loader_path/Frameworks";
				PRODUCT_BUNDLE_IDENTIFIER = "com.ck.-CardView.CardViewUITests";
				PRODUCT_NAME = "$(TARGET_NAME)";
				SWIFT_VERSION = 4.0;
				TARGETED_DEVICE_FAMILY = "1,2";
				TEST_TARGET_NAME = CardView;
			};
			name = Debug;
		};
		6FF21DDC1FF5108F00CC3DD0 /* Release */ = {
			isa = XCBuildConfiguration;
			buildSettings = {
				ALWAYS_EMBED_SWIFT_STANDARD_LIBRARIES = YES;
				CODE_SIGN_STYLE = Automatic;
				INFOPLIST_FILE = CardViewUITests/Info.plist;
				LD_RUNPATH_SEARCH_PATHS = "$(inherited) @executable_path/Frameworks @loader_path/Frameworks";
				PRODUCT_BUNDLE_IDENTIFIER = "com.ck.-CardView.CardViewUITests";
				PRODUCT_NAME = "$(TARGET_NAME)";
				SWIFT_VERSION = 4.0;
				TARGETED_DEVICE_FAMILY = "1,2";
				TEST_TARGET_NAME = CardView;
			};
			name = Release;
		};
/* End XCBuildConfiguration section */

/* Begin XCConfigurationList section */
		6FF21DA71FF5108F00CC3DD0 /* Build configuration list for PBXProject "CardView" */ = {
			isa = XCConfigurationList;
			buildConfigurations = (
				6FF21DD21FF5108F00CC3DD0 /* Debug */,
				6FF21DD31FF5108F00CC3DD0 /* Release */,
			);
			defaultConfigurationIsVisible = 0;
			defaultConfigurationName = Release;
		};
		6FF21DD41FF5108F00CC3DD0 /* Build configuration list for PBXNativeTarget "CardView" */ = {
			isa = XCConfigurationList;
			buildConfigurations = (
				6FF21DD51FF5108F00CC3DD0 /* Debug */,
				6FF21DD61FF5108F00CC3DD0 /* Release */,
			);
			defaultConfigurationIsVisible = 0;
			defaultConfigurationName = Release;
		};
		6FF21DD71FF5108F00CC3DD0 /* Build configuration list for PBXNativeTarget "CardViewTests" */ = {
			isa = XCConfigurationList;
			buildConfigurations = (
				6FF21DD81FF5108F00CC3DD0 /* Debug */,
				6FF21DD91FF5108F00CC3DD0 /* Release */,
			);
			defaultConfigurationIsVisible = 0;
			defaultConfigurationName = Release;
		};
		6FF21DDA1FF5108F00CC3DD0 /* Build configuration list for PBXNativeTarget "CardViewUITests" */ = {
			isa = XCConfigurationList;
			buildConfigurations = (
				6FF21DDB1FF5108F00CC3DD0 /* Debug */,
				6FF21DDC1FF5108F00CC3DD0 /* Release */,
			);
			defaultConfigurationIsVisible = 0;
			defaultConfigurationName = Release;
		};
/* End XCConfigurationList section */
	};
	rootObject = 6FF21DA41FF5108F00CC3DD0 /* Project object */;
}
